
Microsoft Visual Studio Solution File, Format Version 12.00
# Visual Studio Version 17
VisualStudioVersion = 17.4.33122.133
MinimumVisualStudioVersion = 10.0.40219.1
Project("{FAE04EC0-301F-11D3-BF4B-00C04F79EFBC}") = "API", "API\API.csproj", "{346108DA-377B-4D04-86F1-6C1676CEA76D}"
EndProject
Global
	GlobalSection(SolutionConfigurationPlatforms) = preSolution
		Debug|Any CPU = Debug|Any CPU
		Release|Any CPU = Release|Any CPU
	EndGlobalSection
	GlobalSection(ProjectConfigurationPlatforms) = postSolution
		{346108DA-377B-4D04-86F1-6C1676CEA76D}.Debug|Any CPU.ActiveCfg = Debug|Any CPU
		{346108DA-377B-4D04-86F1-6C1676CEA76D}.Debug|Any CPU.Build.0 = Debug|Any CPU
		{346108DA-377B-4D04-86F1-6C1676CEA76D}.Release|Any CPU.ActiveCfg = Release|Any CPU
		{346108DA-377B-4D04-86F1-6C1676CEA76D}.Release|Any CPU.Build.0 = Release|Any CPU
	EndGlobalSection
	GlobalSection(SolutionProperties) = preSolution
		HideSolutionNode = FALSE
	EndGlobalSection
	GlobalSection(ExtensibilityGlobals) = postSolution
		SolutionGuid = {4008D4BB-E6AA-4BDD-B3D0-DFD2F7B95769}
	EndGlobalSection
EndGlobal
